
Microsoft Visual Studio Solution File, Format Version 12.00
# Visual Studio Version 17
VisualStudioVersion = 17.10.34928.147
MinimumVisualStudioVersion = 10.0.40219.1
Project("{FAE04EC0-301F-11D3-BF4B-00C04F79EFBC}") = "FusdecMvc", "FusdecMvc\FusdecMvc.csproj", "{E50448BE-D128-4AE1-8430-E6AC14ED5296}"
EndProject
Global
	GlobalSection(SolutionConfigurationPlatforms) = preSolution
		Debug|Any CPU = Debug|Any CPU
		Release|Any CPU = Release|Any CPU
	EndGlobalSection
	GlobalSection(ProjectConfigurationPlatforms) = postSolution
		{E50448BE-D128-4AE1-8430-E6AC14ED5296}.Debug|Any CPU.ActiveCfg = Debug|Any CPU
		{E50448BE-D128-4AE1-8430-E6AC14ED5296}.Debug|Any CPU.Build.0 = Debug|Any CPU
		{E50448BE-D128-4AE1-8430-E6AC14ED5296}.Release|Any CPU.ActiveCfg = Release|Any CPU
		{E50448BE-D128-4AE1-8430-E6AC14ED5296}.Release|Any CPU.Build.0 = Release|Any CPU
	EndGlobalSection
	GlobalSection(SolutionProperties) = preSolution
		HideSolutionNode = FALSE
	EndGlobalSection
	GlobalSection(ExtensibilityGlobals) = postSolution
		SolutionGuid = {8BDA41A1-97E9-4D4F-899F-54DF6F04671C}
	EndGlobalSection
EndGlobal
